lockfileVersion: '9.0'

settings:
  autoInstallPeers: true
  excludeLinksFromLockfile: false

importers:

  .:
    dependencies:
      '@axiom-crypto/client':
        specifier: 2.1.0-alpha.2
        version: 2.1.0-alpha.2(typescript@5.3.3)
      '@types/react':
        specifier: '>=18.1.0'
        version: 18.2.48
      comlink:
        specifier: ^4.4.1
        version: 4.4.1
      react:
        specifier: '>=18.1.0'
        version: 18.2.0
      react-dom:
        specifier: '>=18.1.0'
        version: 18.2.0(react@18.2.0)
    devDependencies:
      typescript:
        specifier: '>=5.2.2'
        version: 5.3.3
    publishDirectory: dist

packages:

  '@adraffy/ens-normalize@1.10.0':
    resolution: {integrity: sha512-nA9XHtlAkYfJxY7bce8DcN7eKxWWCWkU+1GR9d+U6MbNpfwQp8TI7vqOsBsMcHoT4mBu2kypKoSKnghEzOOq5Q==}

  '@adraffy/ens-normalize@1.10.1':
    resolution: {integrity: sha512-96Z2IP3mYmF1Xg2cDm8f1gWGf/HUVedQ3FMifV4kG/PQ4yEP51xDtRAEfhVNt5f/uzpNkZHwWQuUcu6D6K+Ekw==}

  '@axiom-crypto/circuit@2.1.0-alpha.2':
    resolution: {integrity: sha512-6rv3GbVLao3uTLvc8+T/AEUXmX+3CUzwCi5hAGdhfpJHwEpqQbVL+N19+xHB+Tnab/epFT0GHwXB0ANiPEmAPA==}

  '@axiom-crypto/client@2.1.0-alpha.2':
    resolution: {integrity: sha512-qykNV2OejiHJEq/aWAlOnzb1aXNUzRDN3M5PV9GgQMI5a+etX41uuPtazWpKXGHLIp/zsxQyxOteSuSlA1ibTQ==}
    hasBin: true

  '@axiom-crypto/halo2-lib-js@0.3.4':
    resolution: {integrity: sha512-E/i7EqlcvjcfXZejL8HcpvFQIIMJxcMrVBXsdaDJGgEXVc6pEDJ07Hy3drLbhQ007ZJ8aultw3HSfD9gJRkh4w==}

  '@axiom-crypto/halo2-wasm@0.3.4':
    resolution: {integrity: sha512-SUHXnydtx5rY0gQ2zWy0Br6L3iaAFo5RH/AMnOCSM4Nb3inqinBEnXQgEPZ45+EFmeOfRi1xOVUBdo6keZlacQ==}

  '@axiom-crypto/tools@2.1.1':
    resolution: {integrity: sha512-JqKz+S8wIOqoa42h5TMoPCNxatLEoJwOYabFUB1GWSkQ/Ep3ZPDP5ydk/ky3VeDG/KFidBa0/uvVQk5EEK/Rpw==}

  '@noble/curves@1.2.0':
    resolution: {integrity: sha512-oYclrNgRaM9SsBUBVbb8M6DTV7ZHRTKugureoYEncY5c65HOmRzvSiTE3y5CYaPYJA/GVkrhXEoF0M3Ya9PMnw==}

  '@noble/hashes@1.3.2':
    resolution: {integrity: sha512-MVC8EAQp7MvEcm30KWENFjgR+Mkmf+D189XJTkFIlwohU5hcBbn1ZkKq7KVTi2Hme3PMGF390DaL52beVrIihQ==}
    engines: {node: '>= 16'}

  '@scure/base@1.1.6':
    resolution: {integrity: sha512-ok9AWwhcgYuGG3Zfhyqg+zwl+Wn5uE+dwC0NV/2qQkx4dABbb/bx96vWu8NSj+BNjjSjno+JRYRjle1jV08k3g==}

  '@scure/bip32@1.3.2':
    resolution: {integrity: sha512-N1ZhksgwD3OBlwTv3R6KFEcPojl/W4ElJOeCZdi+vuI5QmTFwLq3OFf2zd2ROpKvxFdgZ6hUpb0dx9bVNEwYCA==}

  '@scure/bip39@1.2.1':
    resolution: {integrity: sha512-Z3/Fsz1yr904dduJD0NpiyRHhRYHdcnyh73FZWiV+/qhWi83wNJ3NWolYqCEN+ZWsUz2TWwajJggcRE9r1zUYg==}

  '@types/node@18.15.13':
    resolution: {integrity: sha512-N+0kuo9KgrUQ1Sn/ifDXsvg0TTleP7rIy4zOBGECxAljqvqfqpTfzx0Q1NUedOixRMBfe2Whhb056a42cWs26Q==}

  '@types/prop-types@15.7.11':
    resolution: {integrity: sha512-ga8y9v9uyeiLdpKddhxYQkxNDrfvuPrlFb0N1qnZZByvcElJaXthF1UhvCh9TLWJBEHeNtdnbysW7Y6Uq8CVng==}

  '@types/react@18.2.48':
    resolution: {integrity: sha512-qboRCl6Ie70DQQG9hhNREz81jqC1cs9EVNcjQ1AU+jH6NFfSAhVVbrrY/+nSF+Bsk4AOwm9Qa61InvMCyV+H3w==}

  '@types/scheduler@0.16.8':
    resolution: {integrity: sha512-WZLiwShhwLRmeV6zH+GkbOFT6Z6VklCItrDioxUnv+u4Ll+8vKeFySoFyK/0ctcRpOmwAicELfmys1sDc/Rw+A==}

  abitype@1.0.0:
    resolution: {integrity: sha512-NMeMah//6bJ56H5XRj8QCV4AwuW6hB6zqz2LnhhLdcWVQOsXki6/Pn3APeqxCma62nXIcmZWdu1DlHWS74umVQ==}
    peerDependencies:
      typescript: '>=5.0.4'
      zod: ^3 >=3.22.0
    peerDependenciesMeta:
      typescript:
        optional: true
      zod:
        optional: true

  aes-js@4.0.0-beta.5:
    resolution: {integrity: sha512-G965FqalsNyrPqgEGON7nIx1e/OVENSgiEIzyC63haUMuvNnwIgIjMs52hlTCKhkBny7A2ORNlfY9Zu+jmGk1Q==}

  ansi-styles@4.3.0:
    resolution: {integrity: sha512-zbB9rCJAT1rbjiVDb2hqKFHNYLxgtk8NURxZ3IZwD3F6NtxbXZQCnnSi1Lkx+IDohdPlFp222wVALIheZJQSEg==}
    engines: {node: '>=8'}

  asynckit@0.4.0:
    resolution: {integrity: sha512-Oei9OH4tRh0YqU3GxhX79dM/mwVgvbZJaSNaRk+bshkj0S5cfHcgYakreBjrHwatXKbz+IoIdYLxrKim2MjW0Q==}

  axios@1.7.1:
    resolution: {integrity: sha512-+LV37nQcd1EpFalkXksWNBiA17NZ5m5/WspmHGmZmdx1qBOg/VNq/c4eRJiA9VQQHBOs+N0ZhhdU10h2TyNK7Q==}

  base-x@4.0.0:
    resolution: {integrity: sha512-FuwxlW4H5kh37X/oW59pwTzzTKRzfrrQwhmyspRM7swOEZcHtDZSCt45U6oKgtuFE+WYPblePMVIPR4RZrh/hw==}

  bs58@5.0.0:
    resolution: {integrity: sha512-r+ihvQJvahgYT50JD05dyJNKlmmSlMoOGwn1lCcEzanPglg7TxYjioQUYehQ9mAR/+hOSd2jRc/Z2y5UxBymvQ==}

  chalk@4.1.2:
    resolution: {integrity: sha512-oKnbhFyRIXpUuez8iBMmyEa4nbj4IOQyuhc/wy9kY7/WVPcwIO9VA668Pu8RkO7+0G76SLROeyw9CpQ061i4mA==}
    engines: {node: '>=10'}

  color-convert@2.0.1:
    resolution: {integrity: sha512-RRECPsj7iu/xb5oKYcsFHSppFNnsj/52OVTRKb4zP5onXwVF3zVmmToNcOfGC+CRDpfK/U584fMg38ZHCaElKQ==}
    engines: {node: '>=7.0.0'}

  color-name@1.1.4:
    resolution: {integrity: sha512-dOy+3AuW3a2wNbZHIuMZpTcgjGuLU/uBL/ubcZF9OXbDo8ff4O8yVp5Bf0efS8uEoYo5q4Fx7dY9OgQGXgAsQA==}

  combined-stream@1.0.8:
    resolution: {integrity: sha512-FQN4MRfuJeHf7cBbBMJFXhKSDq+2kAArBlmRBvcvFE5BB1HZKXtSFASDhdlz9zOYwxh8lDdnvmMOe/+5cdoEdg==}
    engines: {node: '>= 0.8'}

  comlink@4.4.1:
    resolution: {integrity: sha512-+1dlx0aY5Jo1vHy/tSsIGpSkN4tS9rZSW8FIhG0JH/crs9wwweswIo/POr451r7bZww3hFbPAKnTpimzL/mm4Q==}

  commander@11.1.0:
    resolution: {integrity: sha512-yPVavfyCcRhmorC7rWlkHn15b4wDVgVmBA7kV4QVBsF7kv/9TKJAbAXVTxvTnwP8HHKjRCJDClKbciiYS7p0DQ==}
    engines: {node: '>=16'}

  csstype@3.1.3:
    resolution: {integrity: sha512-M1uQkMl8rQK/szD0LNhtqxIPLpimGm8sOBwU7lLnCpSbTyY3yeU1Vc7l4KT5zT4s/yOxHH5O7tIuuLOCnLADRw==}

  delayed-stream@1.0.0:
    resolution: {integrity: sha512-ZySD7Nf91aLB0RxL4KGrKHBXl7Eds1DAmEdcoVawXnLD7SDhpNgtuII2aAkg7a7QS41jxPSZ17p4VdGnMHk3MQ==}
    engines: {node: '>=0.4.0'}

  ethers@6.12.1:
    resolution: {integrity: sha512-j6wcVoZf06nqEcBbDWkKg8Fp895SS96dSnTCjiXT+8vt2o02raTn4Lo9ERUuIVU5bAjoPYeA+7ytQFexFmLuVw==}
    engines: {node: '>=14.0.0'}

  follow-redirects@1.15.6:
    resolution: {integrity: sha512-wWN62YITEaOpSK584EZXJafH1AGpO8RVgElfkuXbTOrPX4fIfOyEpW/CsiNd8JdYrAoOvafRTOEnvsO++qCqFA==}
    engines: {node: '>=4.0'}
    peerDependencies:
      debug: '*'
    peerDependenciesMeta:
      debug:
        optional: true

  form-data@4.0.0:
    resolution: {integrity: sha512-ETEklSGi5t0QMZuiXoA/Q6vcnxcLQP5vdugSpuAyi6SVGi2clPPp+xgEhuMaHC+zGgn31Kd235W35f7Hykkaww==}
    engines: {node: '>= 6'}

  has-flag@4.0.0:
    resolution: {integrity: sha512-EykJT/Q1KjTWctppgIAgfSO0tKVuZUjhgMr17kqTumMl6Afv3EISleU7qZUzoXDFTAHTDC4NOoG/ZxU3EvlMPQ==}
    engines: {node: '>=8'}

  isows@1.0.3:
    resolution: {integrity: sha512-2cKei4vlmg2cxEjm3wVSqn8pcoRF/LX/wpifuuNquFO4SQmPwarClT+SUCA2lt+l581tTeZIPIZuIDo2jWN1fg==}
    peerDependencies:
      ws: '*'

  js-tokens@4.0.0:
    resolution: {integrity: sha512-RdJUflcE3cUzKiMqQgsCu06FPu9UdIJO0beYbPhHN4k6apgJtifcoCtT9bcxOpYBtpD2kCM6Sbzg4CausW/PKQ==}

  kleur@3.0.3:
    resolution: {integrity: sha512-eTIzlVOSUR+JxdDFepEYcBMtZ9Qqdef+rnzWdRZuMbOywu5tO2w2N7rqjoANZ5k9vywhL6Br1VRjUIgTQx4E8w==}
    engines: {node: '>=6'}

  loose-envify@1.4.0:
    resolution: {integrity: sha512-lyuxPGr/Wfhrlem2CL/UcnUc1zcqKAImBDzukY7Y5F/yQiNdko6+fRLevlw1HgMySw7f611UIY408EtxRSoK3Q==}
    hasBin: true

  mime-db@1.52.0:
    resolution: {integrity: sha512-sPU4uV7dYlvtWJxwwxHD0PuihVNiE7TyAbQ5SWxDCB9mUYvOgroQOwYQQOKPJ8CIbE+1ETVlOoK1UC2nU3gYvg==}
    engines: {node: '>= 0.6'}

  mime-types@2.1.35:
    resolution: {integrity: sha512-ZDY+bPm5zTTF+YpCrAU9nK0UgICYPT0QtT1NZWFv4s++TNkcgVaT0g6+4R2uI4MjQjzysHB1zxuWL50hzaeXiw==}
    engines: {node: '>= 0.6'}

  prettier@1.18.2:
    resolution: {integrity: sha512-OeHeMc0JhFE9idD4ZdtNibzY0+TPHSpSSb9h8FqtP+YnoZZ1sl8Vc9b1sasjfymH3SonAF4QcA2+mzHPhMvIiw==}
    engines: {node: '>=4'}
    hasBin: true

  prompts@2.4.2:
    resolution: {integrity: sha512-NxNv/kLguCA7p3jE8oL2aEBsrJWgAakBpgmgK6lpPWV+WuOmY6r2/zbAVnP+T8bQlA0nzHXSJSJW0Hq7ylaD2Q==}
    engines: {node: '>= 6'}

  proxy-from-env@1.1.0:
    resolution: {integrity: sha512-D+zkORCbA9f1tdWRK0RaCR3GPv50cMxcrz4X8k5LTSUD1Dkw47mKJEZQNunItRTkWwgtaUSo1RVFRIG9ZXiFYg==}

  react-dom@18.2.0:
    resolution: {integrity: sha512-6IMTriUmvsjHUjNtEDudZfuDQUoWXVxKHhlEGSk81n4YFS+r/Kl99wXiwlVXtPBtJenozv2P+hxDsw9eA7Xo6g==}
    peerDependencies:
      react: ^18.2.0

  react@18.2.0:
    resolution: {integrity: sha512-/3IjMdb2L9QbBdWiW5e3P2/npwMBaU9mHCSCUzNln0ZCYbcfTsGbTJrU/kGemdH2IWmB2ioZ+zkxtmq6g09fGQ==}
    engines: {node: '>=0.10.0'}

  scheduler@0.23.0:
    resolution: {integrity: sha512-CtuThmgHNg7zIZWAXi3AsyIzA3n4xx7aNyjwC2VJldO2LMVDhFK+63xGqq6CsJH4rTAt6/M+N4GhZiDYPx9eUw==}

  sisteransi@1.0.5:
    resolution: {integrity: sha512-bLGGlR1QxBcynn2d5YmDX4MGjlZvy2MRBDRNHLJ8VI6l6+9FUiyTFNJ0IveOSP0bcXgVDPRcfGqA0pjaqUpfVg==}

  supports-color@7.2.0:
    resolution: {integrity: sha512-qpCAvRl9stuOHveKsn7HncJRvv501qIacKzQlO/+Lwxc9+0q2wLyv4Dfvt80/DPn2pqOBsJdDiogXGR9+OvwRw==}
    engines: {node: '>=8'}

  tslib@2.4.0:
    resolution: {integrity: sha512-d6xOpEDfsi2CZVlPQzGeux8XMwLT9hssAsaPYExaQMuYskwb+x1x7J371tWlbBdWHroy99KnVB6qIkUbs5X3UQ==}

  typescript@5.3.3:
    resolution: {integrity: sha512-pXWcraxM0uxAS+tN0AG/BF2TyqmHO014Z070UsJ+pFvYuRSq8KH8DmWpnbXe0pEPDHXZV3FcAbJkijJ5oNEnWw==}
    engines: {node: '>=14.17'}
    hasBin: true

  viem@2.8.18:
    resolution: {integrity: sha512-Kq3kwkKziJ8rQeLkmdbSLheHDnA+tx2EdLKLmQ3N4FVtjKYjBP9tPL1r+fI6KltVUM1TDOhIHOdslDSp57VMMg==}
    peerDependencies:
      typescript: '>=5.0.4'
    peerDependenciesMeta:
      typescript:
        optional: true

  ws@8.13.0:
    resolution: {integrity: sha512-x9vcZYTrFPC7aSIbj7sRCYo7L/Xb8Iy+pW0ng0wt2vCJv7M9HOMy0UoN3rr+IFC7hb7vXoqS+P9ktyLLLhO+LA==}
    engines: {node: '>=10.0.0'}
    peerDependencies:
      bufferutil: ^4.0.1
      utf-8-validate: '>=5.0.2'
    peerDependenciesMeta:
      bufferutil:
        optional: true
      utf-8-validate:
        optional: true

  ws@8.5.0:
    resolution: {integrity: sha512-BWX0SWVgLPzYwF8lTzEy1egjhS4S4OEAHfsO8o65WOVsrnSRGaSiUaa9e0ggGlkMTtBlmOpEXiie9RUcBO86qg==}
    engines: {node: '>=10.0.0'}
    peerDependencies:
      bufferutil: ^4.0.1
      utf-8-validate: ^5.0.2
    peerDependenciesMeta:
      bufferutil:
        optional: true
      utf-8-validate:
        optional: true

publishDirectory: dist

snapshots:

  '@adraffy/ens-normalize@1.10.0': {}

  '@adraffy/ens-normalize@1.10.1': {}

  '@axiom-crypto/circuit@2.1.0-alpha.2(typescript@5.3.3)':
    dependencies:
      '@axiom-crypto/halo2-lib-js': 0.3.4
      '@axiom-crypto/halo2-wasm': 0.3.4
      '@axiom-crypto/tools': 2.1.1
      commander: 11.1.0
      ethers: 6.12.1
      viem: 2.8.18(typescript@5.3.3)
    transitivePeerDependencies:
      - bufferutil
      - debug
      - typescript
      - utf-8-validate
      - zod

  '@axiom-crypto/client@2.1.0-alpha.2(typescript@5.3.3)':
    dependencies:
      '@axiom-crypto/circuit': 2.1.0-alpha.2(typescript@5.3.3)
      chalk: 4.1.2
      commander: 11.1.0
      prompts: 2.4.2
      viem: 2.8.18(typescript@5.3.3)
    transitivePeerDependencies:
      - bufferutil
      - debug
      - typescript
      - utf-8-validate
      - zod

  '@axiom-crypto/halo2-lib-js@0.3.4':
    dependencies:
      '@axiom-crypto/halo2-wasm': 0.3.4
      ethers: 6.12.1
      prettier: 1.18.2
    transitivePeerDependencies:
      - bufferutil
      - utf-8-validate

  '@axiom-crypto/halo2-wasm@0.3.4': {}

  '@axiom-crypto/tools@2.1.1':
    dependencies:
      axios: 1.7.1
      bs58: 5.0.0
      ethers: 6.12.1
      form-data: 4.0.0
    transitivePeerDependencies:
      - bufferutil
      - debug
      - utf-8-validate

  '@noble/curves@1.2.0':
    dependencies:
      '@noble/hashes': 1.3.2

  '@noble/hashes@1.3.2': {}

  '@scure/base@1.1.6': {}

  '@scure/bip32@1.3.2':
    dependencies:
      '@noble/curves': 1.2.0
      '@noble/hashes': 1.3.2
      '@scure/base': 1.1.6

  '@scure/bip39@1.2.1':
    dependencies:
      '@noble/hashes': 1.3.2
      '@scure/base': 1.1.6

  '@types/node@18.15.13': {}

  '@types/prop-types@15.7.11': {}

  '@types/react@18.2.48':
    dependencies:
      '@types/prop-types': 15.7.11
      '@types/scheduler': 0.16.8
      csstype: 3.1.3

  '@types/scheduler@0.16.8': {}

  abitype@1.0.0(typescript@5.3.3):
    optionalDependencies:
      typescript: 5.3.3

  aes-js@4.0.0-beta.5: {}

  ansi-styles@4.3.0:
    dependencies:
      color-convert: 2.0.1

  asynckit@0.4.0: {}

  axios@1.7.1:
    dependencies:
      follow-redirects: 1.15.6
      form-data: 4.0.0
      proxy-from-env: 1.1.0
    transitivePeerDependencies:
      - debug

  base-x@4.0.0: {}

  bs58@5.0.0:
    dependencies:
      base-x: 4.0.0

  chalk@4.1.2:
    dependencies:
      ansi-styles: 4.3.0
      supports-color: 7.2.0

  color-convert@2.0.1:
    dependencies:
      color-name: 1.1.4

  color-name@1.1.4: {}

  combined-stream@1.0.8:
    dependencies:
      delayed-stream: 1.0.0

  comlink@4.4.1: {}

  commander@11.1.0: {}

  csstype@3.1.3: {}

  delayed-stream@1.0.0: {}

  ethers@6.12.1:
    dependencies:
      '@adraffy/ens-normalize': 1.10.1
      '@noble/curves': 1.2.0
      '@noble/hashes': 1.3.2
      '@types/node': 18.15.13
      aes-js: 4.0.0-beta.5
      tslib: 2.4.0
      ws: 8.5.0
    transitivePeerDependencies:
      - bufferutil
      - utf-8-validate

  follow-redirects@1.15.6: {}

  form-data@4.0.0:
    dependencies:
      asynckit: 0.4.0
      combined-stream: 1.0.8
      mime-types: 2.1.35

  has-flag@4.0.0: {}

  isows@1.0.3(ws@8.13.0):
    dependencies:
      ws: 8.13.0

  js-tokens@4.0.0: {}

  kleur@3.0.3: {}

  loose-envify@1.4.0:
    dependencies:
      js-tokens: 4.0.0

  mime-db@1.52.0: {}

  mime-types@2.1.35:
    dependencies:
      mime-db: 1.52.0

  prettier@1.18.2: {}

  prompts@2.4.2:
    dependencies:
      kleur: 3.0.3
      sisteransi: 1.0.5

  proxy-from-env@1.1.0: {}

  react-dom@18.2.0(react@18.2.0):
    dependencies:
      loose-envify: 1.4.0
      react: 18.2.0
      scheduler: 0.23.0

  react@18.2.0:
    dependencies:
      loose-envify: 1.4.0

  scheduler@0.23.0:
    dependencies:
      loose-envify: 1.4.0

  sisteransi@1.0.5: {}

  supports-color@7.2.0:
    dependencies:
      has-flag: 4.0.0

  tslib@2.4.0: {}

  typescript@5.3.3: {}

  viem@2.8.18(typescript@5.3.3):
    dependencies:
      '@adraffy/ens-normalize': 1.10.0
      '@noble/curves': 1.2.0
      '@noble/hashes': 1.3.2
      '@scure/bip32': 1.3.2
      '@scure/bip39': 1.2.1
      abitype: 1.0.0(typescript@5.3.3)
      isows: 1.0.3(ws@8.13.0)
      ws: 8.13.0
    optionalDependencies:
      typescript: 5.3.3
    transitivePeerDependencies:
      - bufferutil
      - utf-8-validate
      - zod

  ws@8.13.0: {}

  ws@8.5.0: {}
